
Microsoft Visual Studio Solution File, Format Version 12.00
# Visual Studio Version 16
VisualStudioVersion = 16.0.31702.278
MinimumVisualStudioVersion = 10.0.40219.1
Project("{FAE04EC0-301F-11D3-BF4B-00C04F79EFBC}") = "Matrix", "Matrix\Matrix.csproj", "{6DE07F66-5636-4BD8-9B25-D5681D67088B}"
EndProject
Project("{FAE04EC0-301F-11D3-BF4B-00C04F79EFBC}") = "MatrixTests", "MatrixTests\MatrixTests.csproj", "{5C6E60C9-D32D-407F-A772-F1F3ADE4D268}"
EndProject
Global
	GlobalSection(SolutionConfigurationPlatforms) = preSolution
		Debug|Any CPU = Debug|Any CPU
		Release|Any CPU = Release|Any CPU
	EndGlobalSection
	GlobalSection(ProjectConfigurationPlatforms) = postSolution
		{6DE07F66-5636-4BD8-9B25-D5681D67088B}.Debug|Any CPU.ActiveCfg = Debug|Any CPU
		{6DE07F66-5636-4BD8-9B25-D5681D67088B}.Debug|Any CPU.Build.0 = Debug|Any CPU
		{6DE07F66-5636-4BD8-9B25-D5681D67088B}.Release|Any CPU.ActiveCfg = Release|Any CPU
		{6DE07F66-5636-4BD8-9B25-D5681D67088B}.Release|Any CPU.Build.0 = Release|Any CPU
		{5C6E60C9-D32D-407F-A772-F1F3ADE4D268}.Debug|Any CPU.ActiveCfg = Debug|Any CPU
		{5C6E60C9-D32D-407F-A772-F1F3ADE4D268}.Debug|Any CPU.Build.0 = Debug|Any CPU
		{5C6E60C9-D32D-407F-A772-F1F3ADE4D268}.Release|Any CPU.ActiveCfg = Release|Any CPU
		{5C6E60C9-D32D-407F-A772-F1F3ADE4D268}.Release|Any CPU.Build.0 = Release|Any CPU
	EndGlobalSection
	GlobalSection(SolutionProperties) = preSolution
		HideSolutionNode = FALSE
	EndGlobalSection
	GlobalSection(ExtensibilityGlobals) = postSolution
		SolutionGuid = {E19A461D-D4ED-4373-ACA7-FBB35D8FA5E1}
	EndGlobalSection
EndGlobal
